
Microsoft Visual Studio Solution File, Format Version 12.00
# Visual Studio Version 17
VisualStudioVersion = 17.8.34330.188
MinimumVisualStudioVersion = 10.0.40219.1
Project("{FAE04EC0-301F-11D3-BF4B-00C04F79EFBC}") = "VinoteketTestWebApp", "VinoteketTestWebApp.csproj", "{7FAD027E-1F0B-4010-80A3-5ED2A45C0CF3}"
EndProject
Global
	GlobalSection(SolutionConfigurationPlatforms) = preSolution
		Debug|Any CPU = Debug|Any CPU
		Release|Any CPU = Release|Any CPU
	EndGlobalSection
	GlobalSection(ProjectConfigurationPlatforms) = postSolution
		{7FAD027E-1F0B-4010-80A3-5ED2A45C0CF3}.Debug|Any CPU.ActiveCfg = Debug|Any CPU
		{7FAD027E-1F0B-4010-80A3-5ED2A45C0CF3}.Debug|Any CPU.Build.0 = Debug|Any CPU
		{7FAD027E-1F0B-4010-80A3-5ED2A45C0CF3}.Release|Any CPU.ActiveCfg = Release|Any CPU
		{7FAD027E-1F0B-4010-80A3-5ED2A45C0CF3}.Release|Any CPU.Build.0 = Release|Any CPU
	EndGlobalSection
	GlobalSection(SolutionProperties) = preSolution
		HideSolutionNode = FALSE
	EndGlobalSection
	GlobalSection(ExtensibilityGlobals) = postSolution
		SolutionGuid = {69578949-4A19-42DF-B728-01F3F0AC4F0B}
	EndGlobalSection
EndGlobal
